# This file is automatically @generated by Cargo.
# It is not intended for manual editing.
version = 4

[[package]]
name = "lib_one"
version = "0.1.0"

[[package]]
name = "lib_two"
version = "0.1.0"

[[package]]
name = "multi-lib-package"
version = "0.1.0"
dependencies = [
 "lib_one",
 "lib_two",
]
